
Microsoft Visual Studio Solution File, Format Version 12.00
# Visual Studio Express 2013 for Windows Desktop
VisualStudioVersion = 12.0.21005.1
MinimumVisualStudioVersion = 10.0.40219.1
Project("{FAE04EC0-301F-11D3-BF4B-00C04F79EFBC}") = "Login", "Nitro\Login.csproj", "{CEB23535-9E50-4CE3-9B5D-FFCFD5EAD13C}"
	ProjectSection(ProjectDependencies) = postProject
		{30A9B84B-0553-4A9F-AB28-A61D21F3E471} = {30A9B84B-0553-4A9F-AB28-A61D21F3E471}
		{E9EABA59-12B4-49D0-A924-288705A08502} = {E9EABA59-12B4-49D0-A924-288705A08502}
		{1C860BD0-A974-435B-8841-94D6C0DB08C2} = {1C860BD0-A974-435B-8841-94D6C0DB08C2}
		{50CE1CEC-6B6B-4DEE-826A-157FF3C9E88C} = {50CE1CEC-6B6B-4DEE-826A-157FF3C9E88C}
	EndProjectSection
EndProject
Project("{FAE04EC0-301F-11D3-BF4B-00C04F79EFBC}") = "Teacher", "Teacher\Teacher.csproj", "{1C860BD0-A974-435B-8841-94D6C0DB08C2}"
	ProjectSection(ProjectDependencies) = postProject
		{30A9B84B-0553-4A9F-AB28-A61D21F3E471} = {30A9B84B-0553-4A9F-AB28-A61D21F3E471}
	EndProjectSection
EndProject
Project("{FAE04EC0-301F-11D3-BF4B-00C04F79EFBC}") = "Student", "Student\Student.csproj", "{50CE1CEC-6B6B-4DEE-826A-157FF3C9E88C}"
	ProjectSection(ProjectDependencies) = postProject
		{30A9B84B-0553-4A9F-AB28-A61D21F3E471} = {30A9B84B-0553-4A9F-AB28-A61D21F3E471}
	EndProjectSection
EndProject
Project("{FAE04EC0-301F-11D3-BF4B-00C04F79EFBC}") = "Dba", "Dba\Dba.csproj", "{E9EABA59-12B4-49D0-A924-288705A08502}"
	ProjectSection(ProjectDependencies) = postProject
		{30A9B84B-0553-4A9F-AB28-A61D21F3E471} = {30A9B84B-0553-4A9F-AB28-A61D21F3E471}
	EndProjectSection
EndProject
Project("{FAE04EC0-301F-11D3-BF4B-00C04F79EFBC}") = "MySql Manager", "MySQL Manager\MySql Manager.csproj", "{30A9B84B-0553-4A9F-AB28-A61D21F3E471}"
EndProject
Global
	GlobalSection(SolutionConfigurationPlatforms) = preSolution
		Debug|Any CPU = Debug|Any CPU
		Release|Any CPU = Release|Any CPU
	EndGlobalSection
	GlobalSection(ProjectConfigurationPlatforms) = postSolution
		{CEB23535-9E50-4CE3-9B5D-FFCFD5EAD13C}.Debug|Any CPU.ActiveCfg = Debug|Any CPU
		{CEB23535-9E50-4CE3-9B5D-FFCFD5EAD13C}.Debug|Any CPU.Build.0 = Debug|Any CPU
		{CEB23535-9E50-4CE3-9B5D-FFCFD5EAD13C}.Release|Any CPU.ActiveCfg = Release|Any CPU
		{CEB23535-9E50-4CE3-9B5D-FFCFD5EAD13C}.Release|Any CPU.Build.0 = Release|Any CPU
		{1C860BD0-A974-435B-8841-94D6C0DB08C2}.Debug|Any CPU.ActiveCfg = Debug|Any CPU
		{1C860BD0-A974-435B-8841-94D6C0DB08C2}.Debug|Any CPU.Build.0 = Debug|Any CPU
		{1C860BD0-A974-435B-8841-94D6C0DB08C2}.Release|Any CPU.ActiveCfg = Release|Any CPU
		{1C860BD0-A974-435B-8841-94D6C0DB08C2}.Release|Any CPU.Build.0 = Release|Any CPU
		{50CE1CEC-6B6B-4DEE-826A-157FF3C9E88C}.Debug|Any CPU.ActiveCfg = Debug|Any CPU
		{50CE1CEC-6B6B-4DEE-826A-157FF3C9E88C}.Debug|Any CPU.Build.0 = Debug|Any CPU
		{50CE1CEC-6B6B-4DEE-826A-157FF3C9E88C}.Release|Any CPU.ActiveCfg = Release|Any CPU
		{50CE1CEC-6B6B-4DEE-826A-157FF3C9E88C}.Release|Any CPU.Build.0 = Release|Any CPU
		{E9EABA59-12B4-49D0-A924-288705A08502}.Debug|Any CPU.ActiveCfg = Debug|Any CPU
		{E9EABA59-12B4-49D0-A924-288705A08502}.Debug|Any CPU.Build.0 = Debug|Any CPU
		{E9EABA59-12B4-49D0-A924-288705A08502}.Release|Any CPU.ActiveCfg = Release|Any CPU
		{E9EABA59-12B4-49D0-A924-288705A08502}.Release|Any CPU.Build.0 = Release|Any CPU
		{30A9B84B-0553-4A9F-AB28-A61D21F3E471}.Debug|Any CPU.ActiveCfg = Debug|Any CPU
		{30A9B84B-0553-4A9F-AB28-A61D21F3E471}.Debug|Any CPU.Build.0 = Debug|Any CPU
		{30A9B84B-0553-4A9F-AB28-A61D21F3E471}.Release|Any CPU.ActiveCfg = Release|Any CPU
		{30A9B84B-0553-4A9F-AB28-A61D21F3E471}.Release|Any CPU.Build.0 = Release|Any CPU
	EndGlobalSection
	GlobalSection(SolutionProperties) = preSolution
		HideSolutionNode = FALSE
	EndGlobalSection
EndGlobal
